// !$*UTF8*$!
{
	archiveVersion = 1;
	classes = {
	};
	objectVersion = 51;
	objects = {

/* Begin PBXBuildFile section */
		09D0CD49D9DF1D8B546E4FF5 /* Pods_MainApp.framework in Frameworks */ = {isa = PBXBuildFile; fileRef = BD897B76EB0FBA1EAA6F924B /* Pods_MainApp.framework */; };
		260D9133244890B90081E089 /* ViewController.swift in Sources */ = {isa = PBXBuildFile; fileRef = 261CF1D22425387F00C9E095 /* ViewController.swift */; };
		260D9134244890BE0081E089 /* AppDelegate.swift in Sources */ = {isa = PBXBuildFile; fileRef = 261CF1CE2425387F00C9E095 /* AppDelegate.swift */; };
		260D9135244890D00081E089 /* HomeViewController.swift in Sources */ = {isa = PBXBuildFile; fileRef = 266451582441E543005623E0 /* HomeViewController.swift */; };
		260D9137244890D00081E089 /* FavouriteViewController.swift in Sources */ = {isa = PBXBuildFile; fileRef = 2664515F2441E66B005623E0 /* FavouriteViewController.swift */; };
		260D9138244890D00081E089 /* ChatViewController.swift in Sources */ = {isa = PBXBuildFile; fileRef = 2664515C2441E58D005623E0 /* ChatViewController.swift */; };
		260D9139244890D00081E089 /* AccountViewController.swift in Sources */ = {isa = PBXBuildFile; fileRef = 261CF201242539FC00C9E095 /* AccountViewController.swift */; };
		260D913A244890D70081E089 /* AccountTableViewCell.swift in Sources */ = {isa = PBXBuildFile; fileRef = 266451612441F074005623E0 /* AccountTableViewCell.swift */; };
		260D913B244890DD0081E089 /* CountryTableCell.swift in Sources */ = {isa = PBXBuildFile; fileRef = 266451652443421A005623E0 /* CountryTableCell.swift */; };
		260D913C244890E10081E089 /* LanguageTableCell.swift in Sources */ = {isa = PBXBuildFile; fileRef = 2664516924434235005623E0 /* LanguageTableCell.swift */; };
		260D913D244890EE0081E089 /* SelectedCountryAndLanguageVC.swift in Sources */ = {isa = PBXBuildFile; fileRef = 266451782443845B005623E0 /* SelectedCountryAndLanguageVC.swift */; };
		260D913E244890F10081E089 /* CountryListTableViewCell.swift in Sources */ = {isa = PBXBuildFile; fileRef = 2664517024438401005623E0 /* CountryListTableViewCell.swift */; };
		260D913F244890F60081E089 /* LanguageListTableViewCell.swift in Sources */ = {isa = PBXBuildFile; fileRef = 266451742443841D005623E0 /* LanguageListTableViewCell.swift */; };
		260D9141244890FF0081E089 /* SceneDelegate.swift in Sources */ = {isa = PBXBuildFile; fileRef = 261CF1D02425387F00C9E095 /* SceneDelegate.swift */; };
		260D91422448910B0081E089 /* MainApp.xcdatamodeld in Sources */ = {isa = PBXBuildFile; fileRef = 261CF1D72425387F00C9E095 /* MainApp.xcdatamodeld */; };
		261CF1D62425387F00C9E095 /* Main.storyboard in Resources */ = {isa = PBXBuildFile; fileRef = 261CF1D42425387F00C9E095 /* Main.storyboard */; };
		261CF1DB2425388200C9E095 /* Assets.xcassets in Resources */ = {isa = PBXBuildFile; fileRef = 261CF1DA2425388200C9E095 /* Assets.xcassets */; };
		261CF1DE2425388200C9E095 /* LaunchScreen.storyboard in Resources */ = {isa = PBXBuildFile; fileRef = 261CF1DC2425388200C9E095 /* LaunchScreen.storyboard */; };
		261CF1F42425388300C9E095 /* MainAppUITests.swift in Sources */ = {isa = PBXBuildFile; fileRef = 261CF1F32425388300C9E095 /* MainAppUITests.swift */; };
		2631E3B4246DB97000FE8E90 /* LocationViewController.swift in Sources */ = {isa = PBXBuildFile; fileRef = 2631E3B3246DB97000FE8E90 /* LocationViewController.swift */; };
		264713802473F34000874B4F /* Employee.swift in Sources */ = {isa = PBXBuildFile; fileRef = 2647137F2473F34000874B4F /* Employee.swift */; };
		264713822473F40900874B4F /* CountryAndLanguage.swift in Sources */ = {isa = PBXBuildFile; fileRef = 264713812473F40900874B4F /* CountryAndLanguage.swift */; };
		264713862473FDE100874B4F /* EmployeesCardViewController.swift in Sources */ = {isa = PBXBuildFile; fileRef = 264713852473FDE100874B4F /* EmployeesCardViewController.swift */; };
		265A5BA22453612600DD7312 /* MainAppTests.swift in Sources */ = {isa = PBXBuildFile; fileRef = 265A5BA12453612500DD7312 /* MainAppTests.swift */; };
		266451642441F074005623E0 /* AccountTableViewCell.xib in Resources */ = {isa = PBXBuildFile; fileRef = 266451622441F074005623E0 /* AccountTableViewCell.xib */; };
		266451682443421A005623E0 /* CountryTableCell.xib in Resources */ = {isa = PBXBuildFile; fileRef = 266451662443421A005623E0 /* CountryTableCell.xib */; };
		2664516C24434235005623E0 /* LanguageTableCell.xib in Resources */ = {isa = PBXBuildFile; fileRef = 2664516A24434235005623E0 /* LanguageTableCell.xib */; };
		2664517324438401005623E0 /* CountryListTableViewCell.xib in Resources */ = {isa = PBXBuildFile; fileRef = 2664517124438401005623E0 /* CountryListTableViewCell.xib */; };
		266451772443841D005623E0 /* LanguageListTableViewCell.xib in Resources */ = {isa = PBXBuildFile; fileRef = 266451752443841D005623E0 /* LanguageListTableViewCell.xib */; };
		2665E57E247087E50055037F /* EmployeeCardTableViewCell.swift in Sources */ = {isa = PBXBuildFile; fileRef = 2665E57C247087E50055037F /* EmployeeCardTableViewCell.swift */; };
		2665E57F247087E50055037F /* EmployeeCardTableViewCell.xib in Resources */ = {isa = PBXBuildFile; fileRef = 2665E57D247087E50055037F /* EmployeeCardTableViewCell.xib */; };
		26B8276324534D21007FC104 /* JoinViewController.swift in Sources */ = {isa = PBXBuildFile; fileRef = 26B8276224534D21007FC104 /* JoinViewController.swift */; };
		26B8276524534D31007FC104 /* SignInViewController.swift in Sources */ = {isa = PBXBuildFile; fileRef = 26B8276424534D31007FC104 /* SignInViewController.swift */; };
		26C53BDF2474743F007FA16A /* EmployeeListTableViewCell.swift in Sources */ = {isa = PBXBuildFile; fileRef = 26C53BDD2474743F007FA16A /* EmployeeListTableViewCell.swift */; };
		26C53BE02474743F007FA16A /* EmployeeListTableViewCell.xib in Resources */ = {isa = PBXBuildFile; fileRef = 26C53BDE2474743F007FA16A /* EmployeeListTableViewCell.xib */; };
		26C53BE224747715007FA16A /* EmployeesListViewController.swift in Sources */ = {isa = PBXBuildFile; fileRef = 26C53BE124747715007FA16A /* EmployeesListViewController.swift */; };
		26C53BE4247477C0007FA16A /* EmployeesViewController.swift in Sources */ = {isa = PBXBuildFile; fileRef = 26C53BE3247477C0007FA16A /* EmployeesViewController.swift */; };
		34782F17A165C5E91A61205F /* Pods_MainApp_MainAppUITests.framework in Frameworks */ = {isa = PBXBuildFile; fileRef = 8577A90F97FA107DD7E1AFD6 /* Pods_MainApp_MainAppUITests.framework */; };
		5D433534F74A70264D86F911 /* Pods_MainAppTests.framework in Frameworks */ = {isa = PBXBuildFile; fileRef = 94BB8C275207D038611F8B5E /* Pods_MainAppTests.framework */; };
/* End PBXBuildFile section */

/* Begin PBXContainerItemProxy section */
		261CF1E52425388300C9E095 /* PBXContainerItemProxy */ = {
			isa = PBXContainerItemProxy;
			containerPortal = 261CF1C32425387F00C9E095 /* Project object */;
			proxyType = 1;
			remoteGlobalIDString = 261CF1CA2425387F00C9E095;
			remoteInfo = MainApp;
		};
		261CF1F02425388300C9E095 /* PBXContainerItemProxy */ = {
			isa = PBXContainerItemProxy;
			containerPortal = 261CF1C32425387F00C9E095 /* Project object */;
			proxyType = 1;
			remoteGlobalIDString = 261CF1CA2425387F00C9E095;
			remoteInfo = MainApp;
		};
/* End PBXContainerItemProxy section */

/* Begin PBXFileReference section */
		261CF1CB2425387F00C9E095 /* MainApp.app */ = {isa = PBXFileReference; explicitFileType = wrapper.application; includeInIndex = 0; path = MainApp.app; sourceTree = BUILT_PRODUCTS_DIR; };
		261CF1CE2425387F00C9E095 /* AppDelegate.swift */ = {isa = PBXFileReference; lastKnownFileType = sourcecode.swift; path = AppDelegate.swift; sourceTree = "<group>"; };
		261CF1D02425387F00C9E095 /* SceneDelegate.swift */ = {isa = PBXFileReference; lastKnownFileType = sourcecode.swift; path = SceneDelegate.swift; sourceTree = "<group>"; };
		261CF1D22425387F00C9E095 /* ViewController.swift */ = {isa = PBXFileReference; lastKnownFileType = sourcecode.swift; path = ViewController.swift; sourceTree = "<group>"; };
		261CF1D52425387F00C9E095 /* Base */ = {isa = PBXFileReference; lastKnownFileType = file.storyboard; name = Base; path = Base.lproj/Main.storyboard; sourceTree = "<group>"; };
		261CF1D82425387F00C9E095 /* MainApp.xcdatamodel */ = {isa = PBXFileReference; lastKnownFileType = wrapper.xcdatamodel; path = MainApp.xcdatamodel; sourceTree = "<group>"; };
		261CF1DA2425388200C9E095 /* Assets.xcassets */ = {isa = PBXFileReference; lastKnownFileType = folder.assetcatalog; path = Assets.xcassets; sourceTree = "<group>"; };
		261CF1DD2425388200C9E095 /* Base */ = {isa = PBXFileReference; lastKnownFileType = file.storyboard; name = Base; path = Base.lproj/LaunchScreen.storyboard; sourceTree = "<group>"; };
		261CF1DF2425388200C9E095 /* Info.plist */ = {isa = PBXFileReference; lastKnownFileType = text.plist.xml; path = Info.plist; sourceTree = "<group>"; };
		261CF1E42425388300C9E095 /* MainAppTests.xctest */ = {isa = PBXFileReference; explicitFileType = wrapper.cfbundle; includeInIndex = 0; path = MainAppTests.xctest; sourceTree = BUILT_PRODUCTS_DIR; };
		261CF1EA2425388300C9E095 /* Info.plist */ = {isa = PBXFileReference; lastKnownFileType = text.plist.xml; path = Info.plist; sourceTree = "<group>"; };
		261CF1EF2425388300C9E095 /* MainAppUITests.xctest */ = {isa = PBXFileReference; explicitFileType = wrapper.cfbundle; includeInIndex = 0; path = MainAppUITests.xctest; sourceTree = BUILT_PRODUCTS_DIR; };
		261CF1F32425388300C9E095 /* MainAppUITests.swift */ = {isa = PBXFileReference; lastKnownFileType = sourcecode.swift; path = MainAppUITests.swift; sourceTree = "<group>"; };
		261CF1F52425388300C9E095 /* Info.plist */ = {isa = PBXFileReference; lastKnownFileType = text.plist.xml; path = Info.plist; sourceTree = "<group>"; };
		261CF201242539FC00C9E095 /* AccountViewController.swift */ = {isa = PBXFileReference; lastKnownFileType = sourcecode.swift; path = AccountViewController.swift; sourceTree = "<group>"; };
		2631E3B3246DB97000FE8E90 /* LocationViewController.swift */ = {isa = PBXFileReference; lastKnownFileType = sourcecode.swift; path = LocationViewController.swift; sourceTree = "<group>"; };
		2647137F2473F34000874B4F /* Employee.swift */ = {isa = PBXFileReference; lastKnownFileType = sourcecode.swift; path = Employee.swift; sourceTree = "<group>"; };
		264713812473F40900874B4F /* CountryAndLanguage.swift */ = {isa = PBXFileReference; lastKnownFileType = sourcecode.swift; path = CountryAndLanguage.swift; sourceTree = "<group>"; };
		264713852473FDE100874B4F /* EmployeesCardViewController.swift */ = {isa = PBXFileReference; fileEncoding = 4; lastKnownFileType = sourcecode.swift; path = EmployeesCardViewController.swift; sourceTree = "<group>"; };
		265A5BA02453612500DD7312 /* MainAppTests-Bridging-Header.h */ = {isa = PBXFileReference; lastKnownFileType = sourcecode.c.h; path = "MainAppTests-Bridging-Header.h"; sourceTree = "<group>"; };
		265A5BA12453612500DD7312 /* MainAppTests.swift */ = {isa = PBXFileReference; fileEncoding = 4; lastKnownFileType = sourcecode.swift; path = MainAppTests.swift; sourceTree = "<group>"; };
		266451582441E543005623E0 /* HomeViewController.swift */ = {isa = PBXFileReference; lastKnownFileType = sourcecode.swift; path = HomeViewController.swift; sourceTree = "<group>"; };
		2664515C2441E58D005623E0 /* ChatViewController.swift */ = {isa = PBXFileReference; lastKnownFileType = sourcecode.swift; path = ChatViewController.swift; sourceTree = "<group>"; };
		2664515F2441E66B005623E0 /* FavouriteViewController.swift */ = {isa = PBXFileReference; lastKnownFileType = sourcecode.swift; path = FavouriteViewController.swift; sourceTree = "<group>"; };
		266451612441F074005623E0 /* AccountTableViewCell.swift */ = {isa = PBXFileReference; lastKnownFileType = sourcecode.swift; path = AccountTableViewCell.swift; sourceTree = "<group>"; };
		266451622441F074005623E0 /* AccountTableViewCell.xib */ = {isa = PBXFileReference; lastKnownFileType = file.xib; path = AccountTableViewCell.xib; sourceTree = "<group>"; };
		266451652443421A005623E0 /* CountryTableCell.swift */ = {isa = PBXFileReference; lastKnownFileType = sourcecode.swift; path = CountryTableCell.swift; sourceTree = "<group>"; };
		266451662443421A005623E0 /* CountryTableCell.xib */ = {isa = PBXFileReference; lastKnownFileType = file.xib; path = CountryTableCell.xib; sourceTree = "<group>"; };
		2664516924434235005623E0 /* LanguageTableCell.swift */ = {isa = PBXFileReference; lastKnownFileType = sourcecode.swift; path = LanguageTableCell.swift; sourceTree = "<group>"; };
		2664516A24434235005623E0 /* LanguageTableCell.xib */ = {isa = PBXFileReference; lastKnownFileType = file.xib; path = LanguageTableCell.xib; sourceTree = "<group>"; };
		2664517024438401005623E0 /* CountryListTableViewCell.swift */ = {isa = PBXFileReference; lastKnownFileType = sourcecode.swift; path = CountryListTableViewCell.swift; sourceTree = "<group>"; };
		2664517124438401005623E0 /* CountryListTableViewCell.xib */ = {isa = PBXFileReference; lastKnownFileType = file.xib; path = CountryListTableViewCell.xib; sourceTree = "<group>"; };
		266451742443841D005623E0 /* LanguageListTableViewCell.swift */ = {isa = PBXFileReference; lastKnownFileType = sourcecode.swift; path = LanguageListTableViewCell.swift; sourceTree = "<group>"; };
		266451752443841D005623E0 /* LanguageListTableViewCell.xib */ = {isa = PBXFileReference; lastKnownFileType = file.xib; path = LanguageListTableViewCell.xib; sourceTree = "<group>"; };
		266451782443845B005623E0 /* SelectedCountryAndLanguageVC.swift */ = {isa = PBXFileReference; lastKnownFileType = sourcecode.swift; path = SelectedCountryAndLanguageVC.swift; sourceTree = "<group>"; };
		2665E57C247087E50055037F /* EmployeeCardTableViewCell.swift */ = {isa = PBXFileReference; lastKnownFileType = sourcecode.swift; path = EmployeeCardTableViewCell.swift; sourceTree = "<group>"; };
		2665E57D247087E50055037F /* EmployeeCardTableViewCell.xib */ = {isa = PBXFileReference; lastKnownFileType = file.xib; path = EmployeeCardTableViewCell.xib; sourceTree = "<group>"; };
		26B8276224534D21007FC104 /* JoinViewController.swift */ = {isa = PBXFileReference; lastKnownFileType = sourcecode.swift; path = JoinViewController.swift; sourceTree = "<group>"; };
		26B8276424534D31007FC104 /* SignInViewController.swift */ = {isa = PBXFileReference; lastKnownFileType = sourcecode.swift; path = SignInViewController.swift; sourceTree = "<group>"; };
		26C53BDD2474743F007FA16A /* EmployeeListTableViewCell.swift */ = {isa = PBXFileReference; lastKnownFileType = sourcecode.swift; path = EmployeeListTableViewCell.swift; sourceTree = "<group>"; };
		26C53BDE2474743F007FA16A /* EmployeeListTableViewCell.xib */ = {isa = PBXFileReference; lastKnownFileType = file.xib; path = EmployeeListTableViewCell.xib; sourceTree = "<group>"; };
		26C53BE124747715007FA16A /* EmployeesListViewController.swift */ = {isa = PBXFileReference; lastKnownFileType = sourcecode.swift; path = EmployeesListViewController.swift; sourceTree = "<group>"; };
		26C53BE3247477C0007FA16A /* EmployeesViewController.swift */ = {isa = PBXFileReference; lastKnownFileType = sourcecode.swift; path = EmployeesViewController.swift; sourceTree = "<group>"; };
		44B8932FF45C3E030F54A19F /* Pods-MainApp-MainAppUITests.release.xcconfig */ = {isa = PBXFileReference; includeInIndex = 1; lastKnownFileType = text.xcconfig; name = "Pods-MainApp-MainAppUITests.release.xcconfig"; path = "Target Support Files/Pods-MainApp-MainAppUITests/Pods-MainApp-MainAppUITests.release.xcconfig"; sourceTree = "<group>"; };
		8577A90F97FA107DD7E1AFD6 /* Pods_MainApp_MainAppUITests.framework */ = {isa = PBXFileReference; explicitFileType = wrapper.framework; includeInIndex = 0; path = Pods_MainApp_MainAppUITests.framework; sourceTree = BUILT_PRODUCTS_DIR; };
		8F3231E38A1A373E52F18569 /* Pods-MainApp-MainAppUITests.debug.xcconfig */ = {isa = PBXFileReference; includeInIndex = 1; lastKnownFileType = text.xcconfig; name = "Pods-MainApp-MainAppUITests.debug.xcconfig"; path = "Target Support Files/Pods-MainApp-MainAppUITests/Pods-MainApp-MainAppUITests.debug.xcconfig"; sourceTree = "<group>"; };
		94BB8C275207D038611F8B5E /* Pods_MainAppTests.framework */ = {isa = PBXFileReference; explicitFileType = wrapper.framework; includeInIndex = 0; path = Pods_MainAppTests.framework; sourceTree = BUILT_PRODUCTS_DIR; };
		A9F6D48C45AD2927D712B263 /* Pods-MainApp.debug.xcconfig */ = {isa = PBXFileReference; includeInIndex = 1; lastKnownFileType = text.xcconfig; name = "Pods-MainApp.debug.xcconfig"; path = "Target Support Files/Pods-MainApp/Pods-MainApp.debug.xcconfig"; sourceTree = "<group>"; };
		BD897B76EB0FBA1EAA6F924B /* Pods_MainApp.framework */ = {isa = PBXFileReference; explicitFileType = wrapper.framework; includeInIndex = 0; path = Pods_MainApp.framework; sourceTree = BUILT_PRODUCTS_DIR; };
		DF8470609EA7C3781CEB1693 /* Pods-MainAppTests.debug.xcconfig */ = {isa = PBXFileReference; includeInIndex = 1; lastKnownFileType = text.xcconfig; name = "Pods-MainAppTests.debug.xcconfig"; path = "Target Support Files/Pods-MainAppTests/Pods-MainAppTests.debug.xcconfig"; sourceTree = "<group>"; };
		E429C0BC4125CDF1660BEB0C /* Pods-MainApp.release.xcconfig */ = {isa = PBXFileReference; includeInIndex = 1; lastKnownFileType = text.xcconfig; name = "Pods-MainApp.release.xcconfig"; path = "Target Support Files/Pods-MainApp/Pods-MainApp.release.xcconfig"; sourceTree = "<group>"; };
		EA716984CB0CEB1C22DF04EC /* Pods-MainAppTests.release.xcconfig */ = {isa = PBXFileReference; includeInIndex = 1; lastKnownFileType = text.xcconfig; name = "Pods-MainAppTests.release.xcconfig"; path = "Target Support Files/Pods-MainAppTests/Pods-MainAppTests.release.xcconfig"; sourceTree = "<group>"; };
/* End PBXFileReference section */

/* Begin PBXFrameworksBuildPhase section */
		261CF1C82425387F00C9E095 /* Frameworks */ = {
			isa = PBXFrameworksBuildPhase;
			buildActionMask = 2147483647;
			files = (
				09D0CD49D9DF1D8B546E4FF5 /* Pods_MainApp.framework in Frameworks */,
			);
			runOnlyForDeploymentPostprocessing = 0;
		};
		261CF1E12425388300C9E095 /* Frameworks */ = {
			isa = PBXFrameworksBuildPhase;
			buildActionMask = 2147483647;
			files = (
				5D433534F74A70264D86F911 /* Pods_MainAppTests.framework in Frameworks */,
			);
			runOnlyForDeploymentPostprocessing = 0;
		};
		261CF1EC2425388300C9E095 /* Frameworks */ = {
			isa = PBXFrameworksBuildPhase;
			buildActionMask = 2147483647;
			files = (
				34782F17A165C5E91A61205F /* Pods_MainApp_MainAppUITests.framework in Frameworks */,
			);
			runOnlyForDeploymentPostprocessing = 0;
		};
/* End PBXFrameworksBuildPhase section */

/* Begin PBXGroup section */
		261CF1C22425387F00C9E095 = {
			isa = PBXGroup;
			children = (
				261CF1CD2425387F00C9E095 /* MainApp */,
				261CF1E72425388300C9E095 /* MainAppTests */,
				261CF1F22425388300C9E095 /* MainAppUITests */,
				261CF1CC2425387F00C9E095 /* Products */,
				D97D5087221C2D9C2EE37F20 /* Pods */,
				38899B0A164045D40EED9AAD /* Frameworks */,
			);
			sourceTree = "<group>";
		};
		261CF1CC2425387F00C9E095 /* Products */ = {
			isa = PBXGroup;
			children = (
				261CF1CB2425387F00C9E095 /* MainApp.app */,
				261CF1E42425388300C9E095 /* MainAppTests.xctest */,
				261CF1EF2425388300C9E095 /* MainAppUITests.xctest */,
			);
			name = Products;
			sourceTree = "<group>";
		};
		261CF1CD2425387F00C9E095 /* MainApp */ = {
			isa = PBXGroup;
			children = (
				261CF1D22425387F00C9E095 /* ViewController.swift */,
				261CF1CE2425387F00C9E095 /* AppDelegate.swift */,
				261CF1D02425387F00C9E095 /* SceneDelegate.swift */,
				261CF1D42425387F00C9E095 /* Main.storyboard */,
				2647137E2473F30400874B4F /* Data Model */,
				2664515E2441E593005623E0 /* TabBar Item */,
				261CF1DA2425388200C9E095 /* Assets.xcassets */,
				261CF1DC2425388200C9E095 /* LaunchScreen.storyboard */,
				261CF1DF2425388200C9E095 /* Info.plist */,
				261CF1D72425387F00C9E095 /* MainApp.xcdatamodeld */,
			);
			path = MainApp;
			sourceTree = "<group>";
		};
		261CF1E72425388300C9E095 /* MainAppTests */ = {
			isa = PBXGroup;
			children = (
				265A5BA12453612500DD7312 /* MainAppTests.swift */,
				261CF1EA2425388300C9E095 /* Info.plist */,
				265A5BA02453612500DD7312 /* MainAppTests-Bridging-Header.h */,
			);
			path = MainAppTests;
			sourceTree = "<group>";
		};
		261CF1F22425388300C9E095 /* MainAppUITests */ = {
			isa = PBXGroup;
			children = (
				261CF1F32425388300C9E095 /* MainAppUITests.swift */,
				261CF1F52425388300C9E095 /* Info.plist */,
			);
			path = MainAppUITests;
			sourceTree = "<group>";
		};
		2631E3AD246DB69C00FE8E90 /* SignIn */ = {
			isa = PBXGroup;
			children = (
				26B8276424534D31007FC104 /* SignInViewController.swift */,
			);
			path = SignIn;
			sourceTree = "<group>";
		};
		2631E3AE246DB6AF00FE8E90 /* Join */ = {
			isa = PBXGroup;
			children = (
				26B8276224534D21007FC104 /* JoinViewController.swift */,
			);
			path = Join;
			sourceTree = "<group>";
		};
		2631E3AF246DB6F500FE8E90 /* Country & Language TableViewCell */ = {
			isa = PBXGroup;
			children = (
				266451652443421A005623E0 /* CountryTableCell.swift */,
				266451662443421A005623E0 /* CountryTableCell.xib */,
				2664516924434235005623E0 /* LanguageTableCell.swift */,
				2664516A24434235005623E0 /* LanguageTableCell.xib */,
			);
			path = "Country & Language TableViewCell";
			sourceTree = "<group>";
		};
		2631E3B0246DB79200FE8E90 /* Location */ = {
			isa = PBXGroup;
			children = (
				2631E3B3246DB97000FE8E90 /* LocationViewController.swift */,
			);
			path = Location;
			sourceTree = "<group>";
		};
		2631E3B2246DB7FD00FE8E90 /* AboutUs */ = {
			isa = PBXGroup;
			children = (
			);
			path = AboutUs;
			sourceTree = "<group>";
		};
		2647137E2473F30400874B4F /* Data Model */ = {
			isa = PBXGroup;
			children = (
				2647137F2473F34000874B4F /* Employee.swift */,
				264713812473F40900874B4F /* CountryAndLanguage.swift */,
			);
			path = "Data Model";
			sourceTree = "<group>";
		};
		2664515E2441E593005623E0 /* TabBar Item */ = {
			isa = PBXGroup;
			children = (
				26F27B60246EBA8E00CCEDB2 /* EmplyeeData */,
				26DCBBB8246C141000E0EBFA /* Home */,
				2664515F2441E66B005623E0 /* FavouriteViewController.swift */,
				2664515C2441E58D005623E0 /* ChatViewController.swift */,
				26B8276124534CC5007FC104 /* Account */,
			);
			path = "TabBar Item";
			sourceTree = "<group>";
		};
		2664516D24435D07005623E0 /* AccountTableViewCell */ = {
			isa = PBXGroup;
			children = (
				266451612441F074005623E0 /* AccountTableViewCell.swift */,
				266451622441F074005623E0 /* AccountTableViewCell.xib */,
			);
			path = AccountTableViewCell;
			sourceTree = "<group>";
		};
		2664517A2443B67C005623E0 /* ListOfCountryAndLanguage */ = {
			isa = PBXGroup;
			children = (
				266451782443845B005623E0 /* SelectedCountryAndLanguageVC.swift */,
				2664517024438401005623E0 /* CountryListTableViewCell.swift */,
				2664517124438401005623E0 /* CountryListTableViewCell.xib */,
				266451742443841D005623E0 /* LanguageListTableViewCell.swift */,
				266451752443841D005623E0 /* LanguageListTableViewCell.xib */,
			);
			path = ListOfCountryAndLanguage;
			sourceTree = "<group>";
		};
		26B8276124534CC5007FC104 /* Account */ = {
			isa = PBXGroup;
			children = (
				261CF201242539FC00C9E095 /* AccountViewController.swift */,
				2664516D24435D07005623E0 /* AccountTableViewCell */,
				2631E3B0246DB79200FE8E90 /* Location */,
				2631E3AD246DB69C00FE8E90 /* SignIn */,
				2631E3AE246DB6AF00FE8E90 /* Join */,
				2664517A2443B67C005623E0 /* ListOfCountryAndLanguage */,
				2631E3AF246DB6F500FE8E90 /* Country & Language TableViewCell */,
				2631E3B2246DB7FD00FE8E90 /* AboutUs */,
			);
			path = Account;
			sourceTree = "<group>";
		};
		26DCBBB8246C141000E0EBFA /* Home */ = {
			isa = PBXGroup;
			children = (
				266451582441E543005623E0 /* HomeViewController.swift */,
			);
			path = Home;
			sourceTree = "<group>";
		};
		26F27B60246EBA8E00CCEDB2 /* EmplyeeData */ = {
			isa = PBXGroup;
			children = (
				26C53BE3247477C0007FA16A /* EmployeesViewController.swift */,
				264713852473FDE100874B4F /* EmployeesCardViewController.swift */,
				2665E57C247087E50055037F /* EmployeeCardTableViewCell.swift */,
				2665E57D247087E50055037F /* EmployeeCardTableViewCell.xib */,
				26C53BE124747715007FA16A /* EmployeesListViewController.swift */,
				26C53BDD2474743F007FA16A /* EmployeeListTableViewCell.swift */,
				26C53BDE2474743F007FA16A /* EmployeeListTableViewCell.xib */,
			);
			path = EmplyeeData;
			sourceTree = "<group>";
		};
		38899B0A164045D40EED9AAD /* Frameworks */ = {
			isa = PBXGroup;
			children = (
				BD897B76EB0FBA1EAA6F924B /* Pods_MainApp.framework */,
				8577A90F97FA107DD7E1AFD6 /* Pods_MainApp_MainAppUITests.framework */,
				94BB8C275207D038611F8B5E /* Pods_MainAppTests.framework */,
			);
			name = Frameworks;
			sourceTree = "<group>";
		};
		D97D5087221C2D9C2EE37F20 /* Pods */ = {
			isa = PBXGroup;
			children = (
				A9F6D48C45AD2927D712B263 /* Pods-MainApp.debug.xcconfig */,
				E429C0BC4125CDF1660BEB0C /* Pods-MainApp.release.xcconfig */,
				8F3231E38A1A373E52F18569 /* Pods-MainApp-MainAppUITests.debug.xcconfig */,
				44B8932FF45C3E030F54A19F /* Pods-MainApp-MainAppUITests.release.xcconfig */,
				DF8470609EA7C3781CEB1693 /* Pods-MainAppTests.debug.xcconfig */,
				EA716984CB0CEB1C22DF04EC /* Pods-MainAppTests.release.xcconfig */,
			);
			path = Pods;
			sourceTree = "<group>";
		};
/* End PBXGroup section */

/* Begin PBXNativeTarget section */
		261CF1CA2425387F00C9E095 /* MainApp */ = {
			isa = PBXNativeTarget;
			buildConfigurationList = 261CF1F82425388300C9E095 /* Build configuration list for PBXNativeTarget "MainApp" */;
			buildPhases = (
				56DE5F9D8168F88B872B3BD5 /* [CP] Check Pods Manifest.lock */,
				261CF1C72425387F00C9E095 /* Sources */,
				261CF1C82425387F00C9E095 /* Frameworks */,
				261CF1C92425387F00C9E095 /* Resources */,
				DACE5FCEE478213AA602715B /* [CP] Embed Pods Frameworks */,
				25939C9A8F11A7E10FB568A6 /* [CP] Copy Pods Resources */,
			);
			buildRules = (
			);
			dependencies = (
			);
			name = MainApp;
			productName = MainApp;
			productReference = 261CF1CB2425387F00C9E095 /* MainApp.app */;
			productType = "com.apple.product-type.application";
		};
		261CF1E32425388300C9E095 /* MainAppTests */ = {
			isa = PBXNativeTarget;
			buildConfigurationList = 261CF1FB2425388300C9E095 /* Build configuration list for PBXNativeTarget "MainAppTests" */;
			buildPhases = (
				19C1A7C59D3F69146FF51898 /* [CP] Check Pods Manifest.lock */,
				261CF1E02425388300C9E095 /* Sources */,
				261CF1E12425388300C9E095 /* Frameworks */,
				261CF1E22425388300C9E095 /* Resources */,
			);
			buildRules = (
			);
			dependencies = (
				261CF1E62425388300C9E095 /* PBXTargetDependency */,
			);
			name = MainAppTests;
			productName = MainAppTests;
			productReference = 261CF1E42425388300C9E095 /* MainAppTests.xctest */;
			productType = "com.apple.product-type.bundle.unit-test";
		};
		261CF1EE2425388300C9E095 /* MainAppUITests */ = {
			isa = PBXNativeTarget;
			buildConfigurationList = 261CF1FE2425388300C9E095 /* Build configuration list for PBXNativeTarget "MainAppUITests" */;
			buildPhases = (
				79879309927EF2F50AB2F2D1 /* [CP] Check Pods Manifest.lock */,
				261CF1EB2425388300C9E095 /* Sources */,
				261CF1EC2425388300C9E095 /* Frameworks */,
				261CF1ED2425388300C9E095 /* Resources */,
				BC13895B41EF5FB8A7040B4C /* [CP] Embed Pods Frameworks */,
				7841CB32C998EAEDC1ECE0A3 /* [CP] Copy Pods Resources */,
			);
			buildRules = (
			);
			dependencies = (
				261CF1F12425388300C9E095 /* PBXTargetDependency */,
			);
			name = MainAppUITests;
			productName = MainAppUITests;
			productReference = 261CF1EF2425388300C9E095 /* MainAppUITests.xctest */;
			productType = "com.apple.product-type.bundle.ui-testing";
		};
/* End PBXNativeTarget section */

/* Begin PBXProject section */
		261CF1C32425387F00C9E095 /* Project object */ = {
			isa = PBXProject;
			attributes = {
				LastSwiftUpdateCheck = 1130;
				LastUpgradeCheck = 1130;
				ORGANIZATIONNAME = "Anmol Chauhan";
				TargetAttributes = {
					261CF1CA2425387F00C9E095 = {
						CreatedOnToolsVersion = 11.3.1;
					};
					261CF1E32425388300C9E095 = {
						CreatedOnToolsVersion = 11.3.1;
						LastSwiftMigration = 1130;
						TestTargetID = 261CF1CA2425387F00C9E095;
					};
					261CF1EE2425388300C9E095 = {
						CreatedOnToolsVersion = 11.3.1;
						TestTargetID = 261CF1CA2425387F00C9E095;
					};
				};
			};
			buildConfigurationList = 261CF1C62425387F00C9E095 /* Build configuration list for PBXProject "MainApp" */;
			compatibilityVersion = "Xcode 9.3";
			developmentRegion = en;
			hasScannedForEncodings = 0;
			knownRegions = (
				en,
				Base,
			);
			mainGroup = 261CF1C22425387F00C9E095;
			productRefGroup = 261CF1CC2425387F00C9E095 /* Products */;
			projectDirPath = "";
			projectRoot = "";
			targets = (
				261CF1CA2425387F00C9E095 /* MainApp */,
				261CF1E32425388300C9E095 /* MainAppTests */,
				261CF1EE2425388300C9E095 /* MainAppUITests */,
			);
		};
/* End PBXProject section */

/* Begin PBXResourcesBuildPhase section */
		261CF1C92425387F00C9E095 /* Resources */ = {
			isa = PBXResourcesBuildPhase;
			buildActionMask = 2147483647;
			files = (
				261CF1DE2425388200C9E095 /* LaunchScreen.storyboard in Resources */,
				266451772443841D005623E0 /* LanguageListTableViewCell.xib in Resources */,
				266451642441F074005623E0 /* AccountTableViewCell.xib in Resources */,
				26C53BE02474743F007FA16A /* EmployeeListTableViewCell.xib in Resources */,
				2664516C24434235005623E0 /* LanguageTableCell.xib in Resources */,
				2665E57F247087E50055037F /* EmployeeCardTableViewCell.xib in Resources */,
				2664517324438401005623E0 /* CountryListTableViewCell.xib in Resources */,
				261CF1DB2425388200C9E095 /* Assets.xcassets in Resources */,
				261CF1D62425387F00C9E095 /* Main.storyboard in Resources */,
				266451682443421A005623E0 /* CountryTableCell.xib in Resources */,
			);
			runOnlyForDeploymentPostprocessing = 0;
		};
		261CF1E22425388300C9E095 /* Resources */ = {
			isa = PBXResourcesBuildPhase;
			buildActionMask = 2147483647;
			files = (
			);
			runOnlyForDeploymentPostprocessing = 0;
		};
		261CF1ED2425388300C9E095 /* Resources */ = {
			isa = PBXResourcesBuildPhase;
			buildActionMask = 2147483647;
			files = (
			);
			runOnlyForDeploymentPostprocessing = 0;
		};
/* End PBXResourcesBuildPhase section */

/* Begin PBXShellScriptBuildPhase section */
		19C1A7C59D3F69146FF51898 /* [CP] Check Pods Manifest.lock */ = {
			isa = PBXShellScriptBuildPhase;
			buildActionMask = 2147483647;
			files = (
			);
			inputFileListPaths = (
			);
			inputPaths = (
				"${PODS_PODFILE_DIR_PATH}/Podfile.lock",
				"${PODS_ROOT}/Manifest.lock",
			);
			name = "[CP] Check Pods Manifest.lock";
			outputFileListPaths = (
			);
			outputPaths = (
				"$(DERIVED_FILE_DIR)/Pods-MainAppTests-checkManifestLockResult.txt",
			);
			runOnlyForDeploymentPostprocessing = 0;
			shellPath = /bin/sh;
			shellScript = "diff \"${PODS_PODFILE_DIR_PATH}/Podfile.lock\" \"${PODS_ROOT}/Manifest.lock\" > /dev/null\nif [ $? != 0 ] ; then\n    # print error to STDERR\n    echo \"error: The sandbox is not in sync with the Podfile.lock. Run 'pod install' or update your CocoaPods installation.\" >&2\n    exit 1\nfi\n# This output is used by Xcode 'outputs' to avoid re-running this script phase.\necho \"SUCCESS\" > \"${SCRIPT_OUTPUT_FILE_0}\"\n";
			showEnvVarsInLog = 0;
		};
		25939C9A8F11A7E10FB568A6 /* [CP] Copy Pods Resources */ = {
			isa = PBXShellScriptBuildPhase;
			buildActionMask = 2147483647;
			files = (
			);
			inputFileListPaths = (
				"${PODS_ROOT}/Target Support Files/Pods-MainApp/Pods-MainApp-resources-${CONFIGURATION}-input-files.xcfilelist",
			);
			name = "[CP] Copy Pods Resources";
			outputFileListPaths = (
				"${PODS_ROOT}/Target Support Files/Pods-MainApp/Pods-MainApp-resources-${CONFIGURATION}-output-files.xcfilelist",
			);
			runOnlyForDeploymentPostprocessing = 0;
			shellPath = /bin/sh;
			shellScript = "\"${PODS_ROOT}/Target Support Files/Pods-MainApp/Pods-MainApp-resources.sh\"\n";
			showEnvVarsInLog = 0;
		};
		56DE5F9D8168F88B872B3BD5 /* [CP] Check Pods Manifest.lock */ = {
			isa = PBXShellScriptBuildPhase;
			buildActionMask = 2147483647;
			files = (
			);
			inputFileListPaths = (
			);
			inputPaths = (
				"${PODS_PODFILE_DIR_PATH}/Podfile.lock",
				"${PODS_ROOT}/Manifest.lock",
			);
			name = "[CP] Check Pods Manifest.lock";
			outputFileListPaths = (
			);
			outputPaths = (
				"$(DERIVED_FILE_DIR)/Pods-MainApp-checkManifestLockResult.txt",
			);
			runOnlyForDeploymentPostprocessing = 0;
			shellPath = /bin/sh;
			shellScript = "diff \"${PODS_PODFILE_DIR_PATH}/Podfile.lock\" \"${PODS_ROOT}/Manifest.lock\" > /dev/null\nif [ $? != 0 ] ; then\n    # print error to STDERR\n    echo \"error: The sandbox is not in sync with the Podfile.lock. Run 'pod install' or update your CocoaPods installation.\" >&2\n    exit 1\nfi\n# This output is used by Xcode 'outputs' to avoid re-running this script phase.\necho \"SUCCESS\" > \"${SCRIPT_OUTPUT_FILE_0}\"\n";
			showEnvVarsInLog = 0;
		};
		7841CB32C998EAEDC1ECE0A3 /* [CP] Copy Pods Resources */ = {
			isa = PBXShellScriptBuildPhase;
			buildActionMask = 2147483647;
			files = (
			);
			inputFileListPaths = (
				"${PODS_ROOT}/Target Support Files/Pods-MainApp-MainAppUITests/Pods-MainApp-MainAppUITests-resources-${CONFIGURATION}-input-files.xcfilelist",
			);
			name = "[CP] Copy Pods Resources";
			outputFileListPaths = (
				"${PODS_ROOT}/Target Support Files/Pods-MainApp-MainAppUITests/Pods-MainApp-MainAppUITests-resources-${CONFIGURATION}-output-files.xcfilelist",
			);
			runOnlyForDeploymentPostprocessing = 0;
			shellPath = /bin/sh;
			shellScript = "\"${PODS_ROOT}/Target Support Files/Pods-MainApp-MainAppUITests/Pods-MainApp-MainAppUITests-resources.sh\"\n";
			showEnvVarsInLog = 0;
		};
		79879309927EF2F50AB2F2D1 /* [CP] Check Pods Manifest.lock */ = {
			isa = PBXShellScriptBuildPhase;
			buildActionMask = 2147483647;
			files = (
			);
			inputFileListPaths = (
			);
			inputPaths = (
				"${PODS_PODFILE_DIR_PATH}/Podfile.lock",
				"${PODS_ROOT}/Manifest.lock",
			);
			name = "[CP] Check Pods Manifest.lock";
			outputFileListPaths = (
			);
			outputPaths = (
				"$(DERIVED_FILE_DIR)/Pods-MainApp-MainAppUITests-checkManifestLockResult.txt",
			);
			runOnlyForDeploymentPostprocessing = 0;
			shellPath = /bin/sh;
			shellScript = "diff \"${PODS_PODFILE_DIR_PATH}/Podfile.lock\" \"${PODS_ROOT}/Manifest.lock\" > /dev/null\nif [ $? != 0 ] ; then\n    # print error to STDERR\n    echo \"error: The sandbox is not in sync with the Podfile.lock. Run 'pod install' or update your CocoaPods installation.\" >&2\n    exit 1\nfi\n# This output is used by Xcode 'outputs' to avoid re-running this script phase.\necho \"SUCCESS\" > \"${SCRIPT_OUTPUT_FILE_0}\"\n";
			showEnvVarsInLog = 0;
		};
		BC13895B41EF5FB8A7040B4C /* [CP] Embed Pods Frameworks */ = {
			isa = PBXShellScriptBuildPhase;
			buildActionMask = 2147483647;
			files = (
			);
			inputFileListPaths = (
				"${PODS_ROOT}/Target Support Files/Pods-MainApp-MainAppUITests/Pods-MainApp-MainAppUITests-frameworks-${CONFIGURATION}-input-files.xcfilelist",
			);
			name = "[CP] Embed Pods Frameworks";
			outputFileListPaths = (
				"${PODS_ROOT}/Target Support Files/Pods-MainApp-MainAppUITests/Pods-MainApp-MainAppUITests-frameworks-${CONFIGURATION}-output-files.xcfilelist",
			);
			runOnlyForDeploymentPostprocessing = 0;
			shellPath = /bin/sh;
			shellScript = "\"${PODS_ROOT}/Target Support Files/Pods-MainApp-MainAppUITests/Pods-MainApp-MainAppUITests-frameworks.sh\"\n";
			showEnvVarsInLog = 0;
		};
		DACE5FCEE478213AA602715B /* [CP] Embed Pods Frameworks */ = {
			isa = PBXShellScriptBuildPhase;
			buildActionMask = 2147483647;
			files = (
			);
			inputFileListPaths = (
				"${PODS_ROOT}/Target Support Files/Pods-MainApp/Pods-MainApp-frameworks-${CONFIGURATION}-input-files.xcfilelist",
			);
			name = "[CP] Embed Pods Frameworks";
			outputFileListPaths = (
				"${PODS_ROOT}/Target Support Files/Pods-MainApp/Pods-MainApp-frameworks-${CONFIGURATION}-output-files.xcfilelist",
			);
			runOnlyForDeploymentPostprocessing = 0;
			shellPath = /bin/sh;
			shellScript = "\"${PODS_ROOT}/Target Support Files/Pods-MainApp/Pods-MainApp-frameworks.sh\"\n";
			showEnvVarsInLog = 0;
		};
/* End PBXShellScriptBuildPhase section */

/* Begin PBXSourcesBuildPhase section */
		261CF1C72425387F00C9E095 /* Sources */ = {
			isa = PBXSourcesBuildPhase;
			buildActionMask = 2147483647;
			files = (
				260D9141244890FF0081E089 /* SceneDelegate.swift in Sources */,
				264713822473F40900874B4F /* CountryAndLanguage.swift in Sources */,
				26C53BDF2474743F007FA16A /* EmployeeListTableViewCell.swift in Sources */,
				26B8276524534D31007FC104 /* SignInViewController.swift in Sources */,
				264713802473F34000874B4F /* Employee.swift in Sources */,
				26C53BE224747715007FA16A /* EmployeesListViewController.swift in Sources */,
				264713862473FDE100874B4F /* EmployeesCardViewController.swift in Sources */,
				260D913F244890F60081E089 /* LanguageListTableViewCell.swift in Sources */,
				260D913E244890F10081E089 /* CountryListTableViewCell.swift in Sources */,
				26B8276324534D21007FC104 /* JoinViewController.swift in Sources */,
				260D913D244890EE0081E089 /* SelectedCountryAndLanguageVC.swift in Sources */,
				260D913C244890E10081E089 /* LanguageTableCell.swift in Sources */,
				2631E3B4246DB97000FE8E90 /* LocationViewController.swift in Sources */,
				260D913B244890DD0081E089 /* CountryTableCell.swift in Sources */,
				260D913A244890D70081E089 /* AccountTableViewCell.swift in Sources */,
				260D9135244890D00081E089 /* HomeViewController.swift in Sources */,
				260D9137244890D00081E089 /* FavouriteViewController.swift in Sources */,
				26C53BE4247477C0007FA16A /* EmployeesViewController.swift in Sources */,
				260D9138244890D00081E089 /* ChatViewController.swift in Sources */,
				260D9139244890D00081E089 /* AccountViewController.swift in Sources */,
				2665E57E247087E50055037F /* EmployeeCardTableViewCell.swift in Sources */,
				260D9134244890BE0081E089 /* AppDelegate.swift in Sources */,
				260D91422448910B0081E089 /* MainApp.xcdatamodeld in Sources */,
				260D9133244890B90081E089 /* ViewController.swift in Sources */,
			);
			runOnlyForDeploymentPostprocessing = 0;
		};
		261CF1E02425388300C9E095 /* Sources */ = {
			isa = PBXSourcesBuildPhase;
			buildActionMask = 2147483647;
			files = (
				265A5BA22453612600DD7312 /* MainAppTests.swift in Sources */,
			);
			runOnlyForDeploymentPostprocessing = 0;
		};
		261CF1EB2425388300C9E095 /* Sources */ = {
			isa = PBXSourcesBuildPhase;
			buildActionMask = 2147483647;
			files = (
				261CF1F42425388300C9E095 /* MainAppUITests.swift in Sources */,
			);
			runOnlyForDeploymentPostprocessing = 0;
		};
/* End PBXSourcesBuildPhase section */

/* Begin PBXTargetDependency section */
		261CF1E62425388300C9E095 /* PBXTargetDependency */ = {
			isa = PBXTargetDependency;
			target = 261CF1CA2425387F00C9E095 /* MainApp */;
			targetProxy = 261CF1E52425388300C9E095 /* PBXContainerItemProxy */;
		};
		261CF1F12425388300C9E095 /* PBXTargetDependency */ = {
			isa = PBXTargetDependency;
			target = 261CF1CA2425387F00C9E095 /* MainApp */;
			targetProxy = 261CF1F02425388300C9E095 /* PBXContainerItemProxy */;
		};
/* End PBXTargetDependency section */

/* Begin PBXVariantGroup section */
		261CF1D42425387F00C9E095 /* Main.storyboard */ = {
			isa = PBXVariantGroup;
			children = (
				261CF1D52425387F00C9E095 /* Base */,
			);
			name = Main.storyboard;
			sourceTree = "<group>";
		};
		261CF1DC2425388200C9E095 /* LaunchScreen.storyboard */ = {
			isa = PBXVariantGroup;
			children = (
				261CF1DD2425388200C9E095 /* Base */,
			);
			name = LaunchScreen.storyboard;
			sourceTree = "<group>";
		};
/* End PBXVariantGroup section */

/* Begin XCBuildConfiguration section */
		261CF1F62425388300C9E095 /* Debug */ = {
			isa = XCBuildConfiguration;
			buildSettings = {
				ALWAYS_SEARCH_USER_PATHS = NO;
				CLANG_ANALYZER_NONNULL = YES;
				CLANG_ANALYZER_NUMBER_OBJECT_CONVERSION = YES_AGGRESSIVE;
				CLANG_CXX_LANGUAGE_STANDARD = "gnu++14";
				CLANG_CXX_LIBRARY = "libc++";
				CLANG_ENABLE_MODULES = YES;
				CLANG_ENABLE_OBJC_ARC = YES;
				CLANG_ENABLE_OBJC_WEAK = YES;
				CLANG_WARN_BLOCK_CAPTURE_AUTORELEASING = YES;
				CLANG_WARN_BOOL_CONVERSION = YES;
				CLANG_WARN_COMMA = YES;
				CLANG_WARN_CONSTANT_CONVERSION = YES;
				CLANG_WARN_DEPRECATED_OBJC_IMPLEMENTATIONS = YES;
				CLANG_WARN_DIRECT_OBJC_ISA_USAGE = YES_ERROR;
				CLANG_WARN_DOCUMENTATION_COMMENTS = YES;
				CLANG_WARN_EMPTY_BODY = YES;
				CLANG_WARN_ENUM_CONVERSION = YES;
				CLANG_WARN_INFINITE_RECURSION = YES;
				CLANG_WARN_INT_CONVERSION = YES;
				CLANG_WARN_NON_LITERAL_NULL_CONVERSION = YES;
				CLANG_WARN_OBJC_IMPLICIT_RETAIN_SELF = YES;
				CLANG_WARN_OBJC_LITERAL_CONVERSION = YES;
				CLANG_WARN_OBJC_ROOT_CLASS = YES_ERROR;
				CLANG_WARN_RANGE_LOOP_ANALYSIS = YES;
				CLANG_WARN_STRICT_PROTOTYPES = YES;
				CLANG_WARN_SUSPICIOUS_MOVE = YES;
				CLANG_WARN_UNGUARDED_AVAILABILITY = YES_AGGRESSIVE;
				CLANG_WARN_UNREACHABLE_CODE = YES;
				CLANG_WARN__DUPLICATE_METHOD_MATCH = YES;
				COPY_PHASE_STRIP = NO;
				DEBUG_INFORMATION_FORMAT = dwarf;
				ENABLE_STRICT_OBJC_MSGSEND = YES;
				ENABLE_TESTABILITY = YES;
				GCC_C_LANGUAGE_STANDARD = gnu11;
				GCC_DYNAMIC_NO_PIC = NO;
				GCC_NO_COMMON_BLOCKS = YES;
				GCC_OPTIMIZATION_LEVEL = 0;
				GCC_PREPROCESSOR_DEFINITIONS = (
					"DEBUG=1",
					"$(inherited)",
				);
				GCC_WARN_64_TO_32_BIT_CONVERSION = YES;
				GCC_WARN_ABOUT_RETURN_TYPE = YES_ERROR;
				GCC_WARN_UNDECLARED_SELECTOR = YES;
				GCC_WARN_UNINITIALIZED_AUTOS = YES_AGGRESSIVE;
				GCC_WARN_UNUSED_FUNCTION = YES;
				GCC_WARN_UNUSED_VARIABLE = YES;
				IPHONEOS_DEPLOYMENT_TARGET = 13.2;
				MTL_ENABLE_DEBUG_INFO = INCLUDE_SOURCE;
				MTL_FAST_MATH = YES;
				ONLY_ACTIVE_ARCH = YES;
				SDKROOT = iphoneos;
				SWIFT_ACTIVE_COMPILATION_CONDITIONS = DEBUG;
				SWIFT_OPTIMIZATION_LEVEL = "-Onone";
			};
			name = Debug;
		};
		261CF1F72425388300C9E095 /* Release */ = {
			isa = XCBuildConfiguration;
			buildSettings = {
				ALWAYS_SEARCH_USER_PATHS = NO;
				CLANG_ANALYZER_NONNULL = YES;
				CLANG_ANALYZER_NUMBER_OBJECT_CONVERSION = YES_AGGRESSIVE;
				CLANG_CXX_LANGUAGE_STANDARD = "gnu++14";
				CLANG_CXX_LIBRARY = "libc++";
				CLANG_ENABLE_MODULES = YES;
				CLANG_ENABLE_OBJC_ARC = YES;
				CLANG_ENABLE_OBJC_WEAK = YES;
				CLANG_WARN_BLOCK_CAPTURE_AUTORELEASING = YES;
				CLANG_WARN_BOOL_CONVERSION = YES;
				CLANG_WARN_COMMA = YES;
				CLANG_WARN_CONSTANT_CONVERSION = YES;
				CLANG_WARN_DEPRECATED_OBJC_IMPLEMENTATIONS = YES;
				CLANG_WARN_DIRECT_OBJC_ISA_USAGE = YES_ERROR;
				CLANG_WARN_DOCUMENTATION_COMMENTS = YES;
				CLANG_WARN_EMPTY_BODY = YES;
				CLANG_WARN_ENUM_CONVERSION = YES;
				CLANG_WARN_INFINITE_RECURSION = YES;
				CLANG_WARN_INT_CONVERSION = YES;
				CLANG_WARN_NON_LITERAL_NULL_CONVERSION = YES;
				CLANG_WARN_OBJC_IMPLICIT_RETAIN_SELF = YES;
				CLANG_WARN_OBJC_LITERAL_CONVERSION = YES;
				CLANG_WARN_OBJC_ROOT_CLASS = YES_ERROR;
				CLANG_WARN_RANGE_LOOP_ANALYSIS = YES;
				CLANG_WARN_STRICT_PROTOTYPES = YES;
				CLANG_WARN_SUSPICIOUS_MOVE = YES;
				CLANG_WARN_UNGUARDED_AVAILABILITY = YES_AGGRESSIVE;
				CLANG_WARN_UNREACHABLE_CODE = YES;
				CLANG_WARN__DUPLICATE_METHOD_MATCH = YES;
				COPY_PHASE_STRIP = NO;
				DEBUG_INFORMATION_FORMAT = "dwarf-with-dsym";
				ENABLE_NS_ASSERTIONS = NO;
				ENABLE_STRICT_OBJC_MSGSEND = YES;
				GCC_C_LANGUAGE_STANDARD = gnu11;
				GCC_NO_COMMON_BLOCKS = YES;
				GCC_WARN_64_TO_32_BIT_CONVERSION = YES;
				GCC_WARN_ABOUT_RETURN_TYPE = YES_ERROR;
				GCC_WARN_UNDECLARED_SELECTOR = YES;
				GCC_WARN_UNINITIALIZED_AUTOS = YES_AGGRESSIVE;
				GCC_WARN_UNUSED_FUNCTION = YES;
				GCC_WARN_UNUSED_VARIABLE = YES;
				IPHONEOS_DEPLOYMENT_TARGET = 13.2;
				MTL_ENABLE_DEBUG_INFO = NO;
				MTL_FAST_MATH = YES;
				SDKROOT = iphoneos;
				SWIFT_COMPILATION_MODE = wholemodule;
				SWIFT_OPTIMIZATION_LEVEL = "-O";
				VALIDATE_PRODUCT = YES;
			};
			name = Release;
		};
		261CF1F92425388300C9E095 /* Debug */ = {
			isa = XCBuildConfiguration;
			baseConfigurationReference = A9F6D48C45AD2927D712B263 /* Pods-MainApp.debug.xcconfig */;
			buildSettings = {
				ASSETCATALOG_COMPILER_APPICON_NAME = AppIcon;
				CODE_SIGN_STYLE = Automatic;
				INFOPLIST_FILE = MainApp/Info.plist;
				LD_RUNPATH_SEARCH_PATHS = (
					"$(inherited)",
					"@executable_path/Frameworks",
				);
				PRODUCT_BUNDLE_IDENTIFIER = ttn.com.MainApp;
				PRODUCT_NAME = "$(TARGET_NAME)";
				SWIFT_VERSION = 5.0;
				TARGETED_DEVICE_FAMILY = "1,2";
			};
			name = Debug;
		};
		261CF1FA2425388300C9E095 /* Release */ = {
			isa = XCBuildConfiguration;
			baseConfigurationReference = E429C0BC4125CDF1660BEB0C /* Pods-MainApp.release.xcconfig */;
			buildSettings = {
				ASSETCATALOG_COMPILER_APPICON_NAME = AppIcon;
				CODE_SIGN_STYLE = Automatic;
				INFOPLIST_FILE = MainApp/Info.plist;
				LD_RUNPATH_SEARCH_PATHS = (
					"$(inherited)",
					"@executable_path/Frameworks",
				);
				PRODUCT_BUNDLE_IDENTIFIER = ttn.com.MainApp;
				PRODUCT_NAME = "$(TARGET_NAME)";
				SWIFT_VERSION = 5.0;
				TARGETED_DEVICE_FAMILY = "1,2";
			};
			name = Release;
		};
		261CF1FC2425388300C9E095 /* Debug */ = {
			isa = XCBuildConfiguration;
			baseConfigurationReference = DF8470609EA7C3781CEB1693 /* Pods-MainAppTests.debug.xcconfig */;
			buildSettings = {
				ALWAYS_EMBED_SWIFT_STANDARD_LIBRARIES = YES;
				BUNDLE_LOADER = "$(TEST_HOST)";
				CLANG_ENABLE_MODULES = YES;
				CODE_SIGN_STYLE = Automatic;
				INFOPLIST_FILE = MainAppTests/Info.plist;
				IPHONEOS_DEPLOYMENT_TARGET = 13.2;
				LD_RUNPATH_SEARCH_PATHS = (
					"$(inherited)",
					"@executable_path/Frameworks",
					"@loader_path/Frameworks",
				);
				PRODUCT_BUNDLE_IDENTIFIER = ttn.com.MainAppTests;
				PRODUCT_NAME = "$(TARGET_NAME)";
				SWIFT_OBJC_BRIDGING_HEADER = "MainAppTests/MainAppTests-Bridging-Header.h";
				SWIFT_OPTIMIZATION_LEVEL = "-Onone";
				SWIFT_VERSION = 5.0;
				TARGETED_DEVICE_FAMILY = "1,2";
				TEST_HOST = "$(BUILT_PRODUCTS_DIR)/MainApp.app/MainApp";
			};
			name = Debug;
		};
		261CF1FD2425388300C9E095 /* Release */ = {
			isa = XCBuildConfiguration;
			baseConfigurationReference = EA716984CB0CEB1C22DF04EC /* Pods-MainAppTests.release.xcconfig */;
			buildSettings = {
				ALWAYS_EMBED_SWIFT_STANDARD_LIBRARIES = YES;
				BUNDLE_LOADER = "$(TEST_HOST)";
				CLANG_ENABLE_MODULES = YES;
				CODE_SIGN_STYLE = Automatic;
				INFOPLIST_FILE = MainAppTests/Info.plist;
				IPHONEOS_DEPLOYMENT_TARGET = 13.2;
				LD_RUNPATH_SEARCH_PATHS = (
					"$(inherited)",
					"@executable_path/Frameworks",
					"@loader_path/Frameworks",
				);
				PRODUCT_BUNDLE_IDENTIFIER = ttn.com.MainAppTests;
				PRODUCT_NAME = "$(TARGET_NAME)";
				SWIFT_OBJC_BRIDGING_HEADER = "MainAppTests/MainAppTests-Bridging-Header.h";
				SWIFT_VERSION = 5.0;
				TARGETED_DEVICE_FAMILY = "1,2";
				TEST_HOST = "$(BUILT_PRODUCTS_DIR)/MainApp.app/MainApp";
			};
			name = Release;
		};
		261CF1FF2425388300C9E095 /* Debug */ = {
			isa = XCBuildConfiguration;
			baseConfigurationReference = 8F3231E38A1A373E52F18569 /* Pods-MainApp-MainAppUITests.debug.xcconfig */;
			buildSettings = {
				ALWAYS_EMBED_SWIFT_STANDARD_LIBRARIES = YES;
				CODE_SIGN_STYLE = Automatic;
				INFOPLIST_FILE = MainAppUITests/Info.plist;
				LD_RUNPATH_SEARCH_PATHS = (
					"$(inherited)",
					"@executable_path/Frameworks",
					"@loader_path/Frameworks",
				);
				PRODUCT_BUNDLE_IDENTIFIER = ttn.com.MainAppUITests;
				PRODUCT_NAME = "$(TARGET_NAME)";
				SWIFT_VERSION = 5.0;
				TARGETED_DEVICE_FAMILY = "1,2";
				TEST_TARGET_NAME = MainApp;
			};
			name = Debug;
		};
		261CF2002425388300C9E095 /* Release */ = {
			isa = XCBuildConfiguration;
			baseConfigurationReference = 44B8932FF45C3E030F54A19F /* Pods-MainApp-MainAppUITests.release.xcconfig */;
			buildSettings = {
				ALWAYS_EMBED_SWIFT_STANDARD_LIBRARIES = YES;
				CODE_SIGN_STYLE = Automatic;
				INFOPLIST_FILE = MainAppUITests/Info.plist;
				LD_RUNPATH_SEARCH_PATHS = (
					"$(inherited)",
					"@executable_path/Frameworks",
					"@loader_path/Frameworks",
				);
				PRODUCT_BUNDLE_IDENTIFIER = ttn.com.MainAppUITests;
				PRODUCT_NAME = "$(TARGET_NAME)";
				SWIFT_VERSION = 5.0;
				TARGETED_DEVICE_FAMILY = "1,2";
				TEST_TARGET_NAME = MainApp;
			};
			name = Release;
		};
/* End XCBuildConfiguration section */

/* Begin XCConfigurationList section */
		261CF1C62425387F00C9E095 /* Build configuration list for PBXProject "MainApp" */ = {
			isa = XCConfigurationList;
			buildConfigurations = (
				261CF1F62425388300C9E095 /* Debug */,
				261CF1F72425388300C9E095 /* Release */,
			);
			defaultConfigurationIsVisible = 0;
			defaultConfigurationName = Release;
		};
		261CF1F82425388300C9E095 /* Build configuration list for PBXNativeTarget "MainApp" */ = {
			isa = XCConfigurationList;
			buildConfigurations = (
				261CF1F92425388300C9E095 /* Debug */,
				261CF1FA2425388300C9E095 /* Release */,
			);
			defaultConfigurationIsVisible = 0;
			defaultConfigurationName = Release;
		};
		261CF1FB2425388300C9E095 /* Build configuration list for PBXNativeTarget "MainAppTests" */ = {
			isa = XCConfigurationList;
			buildConfigurations = (
				261CF1FC2425388300C9E095 /* Debug */,
				261CF1FD2425388300C9E095 /* Release */,
			);
			defaultConfigurationIsVisible = 0;
			defaultConfigurationName = Release;
		};
		261CF1FE2425388300C9E095 /* Build configuration list for PBXNativeTarget "MainAppUITests" */ = {
			isa = XCConfigurationList;
			buildConfigurations = (
				261CF1FF2425388300C9E095 /* Debug */,
				261CF2002425388300C9E095 /* Release */,
			);
			defaultConfigurationIsVisible = 0;
			defaultConfigurationName = Release;
		};
/* End XCConfigurationList section */

/* Begin XCVersionGroup section */
		261CF1D72425387F00C9E095 /* MainApp.xcdatamodeld */ = {
			isa = XCVersionGroup;
			children = (
				261CF1D82425387F00C9E095 /* MainApp.xcdatamodel */,
			);
			currentVersion = 261CF1D82425387F00C9E095 /* MainApp.xcdatamodel */;
			path = MainApp.xcdatamodeld;
			sourceTree = "<group>";
			versionGroupType = wrapper.xcdatamodel;
		};
/* End XCVersionGroup section */
	};
	rootObject = 261CF1C32425387F00C9E095 /* Project object */;
}
